{
  "name": "topics-map-ui",
  "version": "1.0.0",
  "lockfileVersion": 3,
  "requires": true,
  "packages": {
    "": {
      "name": "topics-map-ui",
      "version": "1.0.0",
      "license": "ISC",
      "dependencies": {
        "@glidejs/glide": "^3.6.2",
        "glide": "^0.2.0",
        "htmx": "^0.0.2",
        "htmx.org": "^1.9.12",
        "mousetrap": "^1.6.5",
        "redux": "^5.0.1",
        "swiper": "^11.1.9"
      }
    },
    "node_modules/@glidejs/glide": {
      "version": "3.6.2",
      "resolved": "https://registry.npmjs.org/@glidejs/glide/-/glide-3.6.2.tgz",
      "integrity": "sha512-oXw7In0IZV69PC0PChQakY+yh+UnqIb5+zfVuEIzub6Kkfl1foo7TAhr2PZXPzihOG9YS57t8wvdzBFEZ0aPVA==",
      "license": "MIT"
    },
    "node_modules/glide": {
      "version": "0.2.0",
      "resolved": "https://registry.npmjs.org/glide/-/glide-0.2.0.tgz",
      "integrity": "sha512-Yq4N0+OLVBtQ/gegZAo54p/1ZWWjpNVBQ85Hr2V2JABifFs87vavAjME79Ej2lrOpNGK/WykRMvL1+MpoGYIIw==",
      "dependencies": {
        "tween.js": "~0.14.0"
      }
    },
    "node_modules/htmx": {
      "version": "0.0.2",
      "resolved": "https://registry.npmjs.org/htmx/-/htmx-0.0.2.tgz",
      "integrity": "sha512-FfUo3ynRYr6Ra4vqmS4Nq9g47607FSmvHYCOuU8bvbW8s4kPMhAmCbMBjuW2cEZI6DauaFNZKinfgV91cc9Feg==",
      "license": "MIT",
      "bin": {
        "htmx": "htmx.js"
      }
    },
    "node_modules/htmx.org": {
      "version": "1.9.12",
      "resolved": "https://registry.npmjs.org/htmx.org/-/htmx.org-1.9.12.tgz",
      "integrity": "sha512-VZAohXyF7xPGS52IM8d1T1283y+X4D+Owf3qY1NZ9RuBypyu9l8cGsxUMAG5fEAb/DhT7rDoJ9Hpu5/HxFD3cw==",
      "license": "0BSD"
    },
    "node_modules/mousetrap": {
      "version": "1.6.5",
      "resolved": "https://registry.npmjs.org/mousetrap/-/mousetrap-1.6.5.tgz",
      "integrity": "sha512-QNo4kEepaIBwiT8CDhP98umTetp+JNfQYBWvC1pc6/OAibuXtRcxZ58Qz8skvEHYvURne/7R8T5VoOI7rDsEUA==",
      "license": "Apache-2.0 WITH LLVM-exception"
    },
    "node_modules/redux": {
      "version": "5.0.1",
      "resolved": "https://registry.npmjs.org/redux/-/redux-5.0.1.tgz",
      "integrity": "sha512-M9/ELqF6fy8FwmkpnF0S3YKOqMyoWJ4+CS5Efg2ct3oY9daQvd/Pc71FpGZsVsbl3Cpb+IIcjBDUnnyBdQbq4w==",
      "license": "MIT"
    },
    "node_modules/swiper": {
      "version": "11.1.9",
      "resolved": "https://registry.npmjs.org/swiper/-/swiper-11.1.9.tgz",
      "integrity": "sha512-rflu8zvfGa3x1v/aeSufk4zRJffhOQowyvtJlp46sUBnOqAuk1Rdv5Ldj0AWWBV595iZ+ZMk7VB35ZRtRUomtA==",
      "funding": [
        {
          "type": "patreon",
          "url": "https://www.patreon.com/swiperjs"
        },
        {
          "type": "open_collective",
          "url": "http://opencollective.com/swiper"
        }
      ],
      "license": "MIT",
      "engines": {
        "node": ">= 4.7.0"
      }
    },
    "node_modules/tween.js": {
      "version": "0.14.0",
      "resolved": "https://registry.npmjs.org/tween.js/-/tween.js-0.14.0.tgz",
      "integrity": "sha512-+kOicDWXrDnkVaVF7hSpEXSdskOq2NPdszdY4+DzL7Sy9W0SSqmqYBtoU4PjHhfZjre6gopcl2lXf1Ju4PM6/A==",
      "deprecated": "This package has moved to @tweenjs/tween.js. Please update your dependencies."
    }
  }
}
